Microsoft Visual Studio Solution File, Format Version 12.00
# Visual Studio Version 17
VisualStudioVersion = 17.5.2.0
MinimumVisualStudioVersion = 10.0.40219.1
Project("{FAE04EC0-301F-11D3-BF4B-00C04F79EFBC}") = "ITShopAPI", "ITShopAPI\ITShopAPI.csproj", "{3EFA3465-4F95-F543-1773-280C97C8BFAC}"
EndProject
Global
	GlobalSection(SolutionConfigurationPlatforms) = preSolution
		Debug|Any CPU = Debug|Any CPU
		Release|Any CPU = Release|Any CPU
	EndGlobalSection
	GlobalSection(ProjectConfigurationPlatforms) = postSolution
		{3EFA3465-4F95-F543-1773-280C97C8BFAC}.Debug|Any CPU.ActiveCfg = Debug|Any CPU
		{3EFA3465-4F95-F543-1773-280C97C8BFAC}.Debug|Any CPU.Build.0 = Debug|Any CPU
		{3EFA3465-4F95-F543-1773-280C97C8BFAC}.Release|Any CPU.ActiveCfg = Release|Any CPU
		{3EFA3465-4F95-F543-1773-280C97C8BFAC}.Release|Any CPU.Build.0 = Release|Any CPU
	EndGlobalSection
	GlobalSection(SolutionProperties) = preSolution
		HideSolutionNode = FALSE
	EndGlobalSection
	GlobalSection(ExtensibilityGlobals) = postSolution
		SolutionGuid = {99531DBB-F0EE-43C2-A898-643B66465CD2}
	EndGlobalSection
EndGlobal
